
Microsoft Visual Studio Solution File, Format Version 12.00
# Visual Studio 15
VisualStudioVersion = 15.0.28307.852
MinimumVisualStudioVersion = 10.0.40219.1
Project("{FAE04EC0-301F-11D3-BF4B-00C04F79EFBC}") = "PlanillaAlumnosNotas", "PlanillaAlumnosNotas\PlanillaAlumnosNotas.csproj", "{1C6C0DC6-9F7B-48F9-9A03-3293AD812EA4}"
EndProject
Global
	GlobalSection(SolutionConfigurationPlatforms) = preSolution
		Debug|Any CPU = Debug|Any CPU
		Release|Any CPU = Release|Any CPU
	EndGlobalSection
	GlobalSection(ProjectConfigurationPlatforms) = postSolution
		{1C6C0DC6-9F7B-48F9-9A03-3293AD812EA4}.Debug|Any CPU.ActiveCfg = Debug|Any CPU
		{1C6C0DC6-9F7B-48F9-9A03-3293AD812EA4}.Debug|Any CPU.Build.0 = Debug|Any CPU
		{1C6C0DC6-9F7B-48F9-9A03-3293AD812EA4}.Release|Any CPU.ActiveCfg = Release|Any CPU
		{1C6C0DC6-9F7B-48F9-9A03-3293AD812EA4}.Release|Any CPU.Build.0 = Release|Any CPU
	EndGlobalSection
	GlobalSection(SolutionProperties) = preSolution
		HideSolutionNode = FALSE
	EndGlobalSection
	GlobalSection(ExtensibilityGlobals) = postSolution
		SolutionGuid = {03145AC8-80E5-4E79-AE7E-C7F5834B42A4}
	EndGlobalSection
EndGlobal
